
Microsoft Visual Studio Solution File, Format Version 12.00
# Visual Studio Version 17
VisualStudioVersion = 17.3.32922.545
MinimumVisualStudioVersion = 10.0.40219.1
Project("{FAE04EC0-301F-11D3-BF4B-00C04F79EFBC}") = "KihonEngin.Core", "KihonEngin.Core.csproj", "{1B6E9DA4-BE0D-4D79-8B26-5679B252602C}"
EndProject
Global
	GlobalSection(SolutionConfigurationPlatforms) = preSolution
		Debug|Any CPU = Debug|Any CPU
		Release|Any CPU = Release|Any CPU
	EndGlobalSection
	GlobalSection(ProjectConfigurationPlatforms) = postSolution
		{1B6E9DA4-BE0D-4D79-8B26-5679B252602C}.Debug|Any CPU.ActiveCfg = Debug|Any CPU
		{1B6E9DA4-BE0D-4D79-8B26-5679B252602C}.Debug|Any CPU.Build.0 = Debug|Any CPU
		{1B6E9DA4-BE0D-4D79-8B26-5679B252602C}.Release|Any CPU.ActiveCfg = Release|Any CPU
		{1B6E9DA4-BE0D-4D79-8B26-5679B252602C}.Release|Any CPU.Build.0 = Release|Any CPU
	EndGlobalSection
	GlobalSection(SolutionProperties) = preSolution
		HideSolutionNode = FALSE
	EndGlobalSection
	GlobalSection(ExtensibilityGlobals) = postSolution
		SolutionGuid = {FA0BEBBC-1E01-4914-9BBE-CC8E06C4F815}
	EndGlobalSection
EndGlobal
